// !$*UTF8*$!
{
	archiveVersion = 1;
	classes = {
	};
	objectVersion = 56;
	objects = {

/* Begin PBXBuildFile section */
		3A617888293CA7F300A0E302 /* 2022_Day_04.swift in Sources */ = {isa = PBXBuildFile; fileRef = 3A617887293CA7F300A0E302 /* 2022_Day_04.swift */; };
		3A61788A293D200800A0E302 /* 2021_Day_02.swift in Sources */ = {isa = PBXBuildFile; fileRef = 3A617889293D200800A0E302 /* 2021_Day_02.swift */; };
		3A61788C293DD2E000A0E302 /* 2022_Day_05.swift in Sources */ = {isa = PBXBuildFile; fileRef = 3A61788B293DD2E000A0E302 /* 2022_Day_05.swift */; };
		3A61788E293E561300A0E302 /* 2021_Day_03.swift in Sources */ = {isa = PBXBuildFile; fileRef = 3A61788D293E561300A0E302 /* 2021_Day_03.swift */; };
		3A9D2153293F15B4002D0BF2 /* 2022_Day_06.swift in Sources */ = {isa = PBXBuildFile; fileRef = 3A9D2152293F15B4002D0BF2 /* 2022_Day_06.swift */; };
		3AABFFBB293809B3002C31B7 /* main.swift in Sources */ = {isa = PBXBuildFile; fileRef = 3AABFFBA293809B3002C31B7 /* main.swift */; };
		3AABFFC2293809CA002C31B7 /* readFile.swift in Sources */ = {isa = PBXBuildFile; fileRef = 3AABFFC1293809CA002C31B7 /* readFile.swift */; };
		3AABFFC729380D2E002C31B7 /* 2021_Day_01.swift in Sources */ = {isa = PBXBuildFile; fileRef = 3AABFFC629380D2E002C31B7 /* 2021_Day_01.swift */; };
		3AABFFCB29388D7D002C31B7 /* Result_2022.swift in Sources */ = {isa = PBXBuildFile; fileRef = 3AABFFCA29388D7D002C31B7 /* Result_2022.swift */; };
		3AABFFCD29388D95002C31B7 /* Result_2021.swift in Sources */ = {isa = PBXBuildFile; fileRef = 3AABFFCC29388D95002C31B7 /* Result_2021.swift */; };
		3AABFFCF29388E33002C31B7 /* 2022_Day_01.swift in Sources */ = {isa = PBXBuildFile; fileRef = 3AABFFCE29388E33002C31B7 /* 2022_Day_01.swift */; };
		3AABFFD329393FBB002C31B7 /* Resources in CopyFiles */ = {isa = PBXBuildFile; fileRef = 3AABFFD229393F20002C31B7 /* Resources */; };
		3AABFFD62939DEC1002C31B7 /* 2022_Day_02.swift in Sources */ = {isa = PBXBuildFile; fileRef = 3AABFFD52939DEC1002C31B7 /* 2022_Day_02.swift */; };
		3AABFFD8293B4DB2002C31B7 /* 2022_Day_03.swift in Sources */ = {isa = PBXBuildFile; fileRef = 3AABFFD7293B4DB2002C31B7 /* 2022_Day_03.swift */; };
		3AABFFDA293B4E39002C31B7 /* extensions.swift in Sources */ = {isa = PBXBuildFile; fileRef = 3AABFFD9293B4E39002C31B7 /* extensions.swift */; };
/* End PBXBuildFile section */

/* Begin PBXCopyFilesBuildPhase section */
		3AABFFB5293809B3002C31B7 /* CopyFiles */ = {
			isa = PBXCopyFilesBuildPhase;
			buildActionMask = 12;
			dstPath = usr/share/man/man1;
			dstSubfolderSpec = 7;
			files = (
				3AABFFD329393FBB002C31B7 /* Resources in CopyFiles */,
			);
			runOnlyForDeploymentPostprocessing = 0;
		};
/* End PBXCopyFilesBuildPhase section */

/* Begin PBXFileReference section */
		3A617887293CA7F300A0E302 /* 2022_Day_04.swift */ = {isa = PBXFileReference; lastKnownFileType = sourcecode.swift; path = 2022_Day_04.swift; sourceTree = "<group>"; };
		3A617889293D200800A0E302 /* 2021_Day_02.swift */ = {isa = PBXFileReference; lastKnownFileType = sourcecode.swift; path = 2021_Day_02.swift; sourceTree = "<group>"; };
		3A61788B293DD2E000A0E302 /* 2022_Day_05.swift */ = {isa = PBXFileReference; lastKnownFileType = sourcecode.swift; path = 2022_Day_05.swift; sourceTree = "<group>"; };
		3A61788D293E561300A0E302 /* 2021_Day_03.swift */ = {isa = PBXFileReference; lastKnownFileType = sourcecode.swift; path = 2021_Day_03.swift; sourceTree = "<group>"; };
		3A9D2152293F15B4002D0BF2 /* 2022_Day_06.swift */ = {isa = PBXFileReference; lastKnownFileType = sourcecode.swift; path = 2022_Day_06.swift; sourceTree = "<group>"; };
		3AABFFB7293809B3002C31B7 /* AdventOfCode */ = {isa = PBXFileReference; explicitFileType = "compiled.mach-o.executable"; includeInIndex = 0; path = AdventOfCode; sourceTree = BUILT_PRODUCTS_DIR; };
		3AABFFBA293809B3002C31B7 /* main.swift */ = {isa = PBXFileReference; lastKnownFileType = sourcecode.swift; path = main.swift; sourceTree = "<group>"; };
		3AABFFC1293809CA002C31B7 /* readFile.swift */ = {isa = PBXFileReference; lastKnownFileType = sourcecode.swift; path = readFile.swift; sourceTree = "<group>"; };
		3AABFFC629380D2E002C31B7 /* 2021_Day_01.swift */ = {isa = PBXFileReference; lastKnownFileType = sourcecode.swift; path = 2021_Day_01.swift; sourceTree = "<group>"; };
		3AABFFCA29388D7D002C31B7 /* Result_2022.swift */ = {isa = PBXFileReference; lastKnownFileType = sourcecode.swift; path = Result_2022.swift; sourceTree = "<group>"; };
		3AABFFCC29388D95002C31B7 /* Result_2021.swift */ = {isa = PBXFileReference; lastKnownFileType = sourcecode.swift; path = Result_2021.swift; sourceTree = "<group>"; };
		3AABFFCE29388E33002C31B7 /* 2022_Day_01.swift */ = {isa = PBXFileReference; lastKnownFileType = sourcecode.swift; path = 2022_Day_01.swift; sourceTree = "<group>"; };
		3AABFFD229393F20002C31B7 /* Resources */ = {isa = PBXFileReference; lastKnownFileType = folder; path = Resources; sourceTree = "<group>"; };
		3AABFFD52939DEC1002C31B7 /* 2022_Day_02.swift */ = {isa = PBXFileReference; lastKnownFileType = sourcecode.swift; path = 2022_Day_02.swift; sourceTree = "<group>"; };
		3AABFFD7293B4DB2002C31B7 /* 2022_Day_03.swift */ = {isa = PBXFileReference; lastKnownFileType = sourcecode.swift; path = 2022_Day_03.swift; sourceTree = "<group>"; };
		3AABFFD9293B4E39002C31B7 /* extensions.swift */ = {isa = PBXFileReference; lastKnownFileType = sourcecode.swift; path = extensions.swift; sourceTree = "<group>"; };
/* End PBXFileReference section */

/* Begin PBXFrameworksBuildPhase section */
		3AABFFB4293809B3002C31B7 /* Frameworks */ = {
			isa = PBXFrameworksBuildPhase;
			buildActionMask = 2147483647;
			files = (
			);
			runOnlyForDeploymentPostprocessing = 0;
		};
/* End PBXFrameworksBuildPhase section */

/* Begin PBXGroup section */
		3AABFFAE293809B3002C31B7 = {
			isa = PBXGroup;
			children = (
				3AABFFB9293809B3002C31B7 /* AdventOfCode */,
				3AABFFB8293809B3002C31B7 /* Products */,
			);
			sourceTree = "<group>";
		};
		3AABFFB8293809B3002C31B7 /* Products */ = {
			isa = PBXGroup;
			children = (
				3AABFFB7293809B3002C31B7 /* AdventOfCode */,
			);
			name = Products;
			sourceTree = "<group>";
		};
		3AABFFB9293809B3002C31B7 /* AdventOfCode */ = {
			isa = PBXGroup;
			children = (
				3AABFFD9293B4E39002C31B7 /* extensions.swift */,
				3AABFFC829388D51002C31B7 /* 2022 */,
				3AABFFC529380D24002C31B7 /* 2021 */,
				3AABFFBA293809B3002C31B7 /* main.swift */,
				3AABFFC1293809CA002C31B7 /* readFile.swift */,
				3AABFFCA29388D7D002C31B7 /* Result_2022.swift */,
				3AABFFCC29388D95002C31B7 /* Result_2021.swift */,
				3AABFFD229393F20002C31B7 /* Resources */,
			);
			path = AdventOfCode;
			sourceTree = "<group>";
		};
		3AABFFC529380D24002C31B7 /* 2021 */ = {
			isa = PBXGroup;
			children = (
				3AABFFC629380D2E002C31B7 /* 2021_Day_01.swift */,
				3A617889293D200800A0E302 /* 2021_Day_02.swift */,
				3A61788D293E561300A0E302 /* 2021_Day_03.swift */,
			);
			path = 2021;
			sourceTree = "<group>";
		};
		3AABFFC829388D51002C31B7 /* 2022 */ = {
			isa = PBXGroup;
			children = (
				3AABFFCE29388E33002C31B7 /* 2022_Day_01.swift */,
				3AABFFD52939DEC1002C31B7 /* 2022_Day_02.swift */,
				3AABFFD7293B4DB2002C31B7 /* 2022_Day_03.swift */,
				3A617887293CA7F300A0E302 /* 2022_Day_04.swift */,
				3A61788B293DD2E000A0E302 /* 2022_Day_05.swift */,
				3A9D2152293F15B4002D0BF2 /* 2022_Day_06.swift */,
			);
			path = 2022;
			sourceTree = "<group>";
		};
/* End PBXGroup section */

/* Begin PBXNativeTarget section */
		3AABFFB6293809B3002C31B7 /* AdventOfCode */ = {
			isa = PBXNativeTarget;
			buildConfigurationList = 3AABFFBE293809B3002C31B7 /* Build configuration list for PBXNativeTarget "AdventOfCode" */;
			buildPhases = (
				3AABFFB3293809B3002C31B7 /* Sources */,
				3AABFFB4293809B3002C31B7 /* Frameworks */,
				3AABFFB5293809B3002C31B7 /* CopyFiles */,
				3AABFFD42939403A002C31B7 /* ShellScript */,
			);
			buildRules = (
			);
			dependencies = (
			);
			name = AdventOfCode;
			productName = AdventOfCode;
			productReference = 3AABFFB7293809B3002C31B7 /* AdventOfCode */;
			productType = "com.apple.product-type.tool";
		};
/* End PBXNativeTarget section */

/* Begin PBXProject section */
		3AABFFAF293809B3002C31B7 /* Project object */ = {
			isa = PBXProject;
			attributes = {
				BuildIndependentTargetsInParallel = 1;
				LastSwiftUpdateCheck = 1410;
				LastUpgradeCheck = 1410;
				TargetAttributes = {
					3AABFFB6293809B3002C31B7 = {
						CreatedOnToolsVersion = 14.1;
					};
				};
			};
			buildConfigurationList = 3AABFFB2293809B3002C31B7 /* Build configuration list for PBXProject "AdventOfCode" */;
			compatibilityVersion = "Xcode 14.0";
			developmentRegion = en;
			hasScannedForEncodings = 0;
			knownRegions = (
				en,
				Base,
			);
			mainGroup = 3AABFFAE293809B3002C31B7;
			productRefGroup = 3AABFFB8293809B3002C31B7 /* Products */;
			projectDirPath = "";
			projectRoot = "";
			targets = (
				3AABFFB6293809B3002C31B7 /* AdventOfCode */,
			);
		};
/* End PBXProject section */

/* Begin PBXShellScriptBuildPhase section */
		3AABFFD42939403A002C31B7 /* ShellScript */ = {
			isa = PBXShellScriptBuildPhase;
			alwaysOutOfDate = 1;
			buildActionMask = 2147483647;
			files = (
			);
			inputFileListPaths = (
			);
			inputPaths = (
			);
			outputFileListPaths = (
			);
			outputPaths = (
			);
			runOnlyForDeploymentPostprocessing = 0;
			shellPath = /bin/sh;
			shellScript = "# Type a script or drag a script file from your workspace to insert its path.\necho \"copying $SRCROOT/AdventOfCode/Ressources to $TARGET_BUILD_DIR/$CONTENTS_FOLDER_PATH\"\ncp -R \"$SRCROOT/AdventOfCode/Resources\" \"$TARGET_BUILD_DIR/$CONTENTS_FOLDER_PATH\"\n";
		};
/* End PBXShellScriptBuildPhase section */

/* Begin PBXSourcesBuildPhase section */
		3AABFFB3293809B3002C31B7 /* Sources */ = {
			isa = PBXSourcesBuildPhase;
			buildActionMask = 2147483647;
			files = (
				3A617888293CA7F300A0E302 /* 2022_Day_04.swift in Sources */,
				3AABFFCB29388D7D002C31B7 /* Result_2022.swift in Sources */,
				3AABFFD8293B4DB2002C31B7 /* 2022_Day_03.swift in Sources */,
				3A61788C293DD2E000A0E302 /* 2022_Day_05.swift in Sources */,
				3AABFFBB293809B3002C31B7 /* main.swift in Sources */,
				3AABFFCD29388D95002C31B7 /* Result_2021.swift in Sources */,
				3A9D2153293F15B4002D0BF2 /* 2022_Day_06.swift in Sources */,
				3A61788E293E561300A0E302 /* 2021_Day_03.swift in Sources */,
				3A61788A293D200800A0E302 /* 2021_Day_02.swift in Sources */,
				3AABFFC2293809CA002C31B7 /* readFile.swift in Sources */,
				3AABFFDA293B4E39002C31B7 /* extensions.swift in Sources */,
				3AABFFCF29388E33002C31B7 /* 2022_Day_01.swift in Sources */,
				3AABFFD62939DEC1002C31B7 /* 2022_Day_02.swift in Sources */,
				3AABFFC729380D2E002C31B7 /* 2021_Day_01.swift in Sources */,
			);
			runOnlyForDeploymentPostprocessing = 0;
		};
/* End PBXSourcesBuildPhase section */

/* Begin XCBuildConfiguration section */
		3AABFFBC293809B3002C31B7 /* Debug */ = {
			isa = XCBuildConfiguration;
			buildSettings = {
				ALWAYS_SEARCH_USER_PATHS = NO;
				CLANG_ANALYZER_NONNULL = YES;
				CLANG_ANALYZER_NUMBER_OBJECT_CONVERSION = YES_AGGRESSIVE;
				CLANG_CXX_LANGUAGE_STANDARD = "gnu++20";
				CLANG_ENABLE_MODULES = YES;
				CLANG_ENABLE_OBJC_ARC = YES;
				CLANG_ENABLE_OBJC_WEAK = YES;
				CLANG_WARN_BLOCK_CAPTURE_AUTORELEASING = YES;
				CLANG_WARN_BOOL_CONVERSION = YES;
				CLANG_WARN_COMMA = YES;
				CLANG_WARN_CONSTANT_CONVERSION = YES;
				CLANG_WARN_DEPRECATED_OBJC_IMPLEMENTATIONS = YES;
				CLANG_WARN_DIRECT_OBJC_ISA_USAGE = YES_ERROR;
				CLANG_WARN_DOCUMENTATION_COMMENTS = YES;
				CLANG_WARN_EMPTY_BODY = YES;
				CLANG_WARN_ENUM_CONVERSION = YES;
				CLANG_WARN_INFINITE_RECURSION = YES;
				CLANG_WARN_INT_CONVERSION = YES;
				CLANG_WARN_NON_LITERAL_NULL_CONVERSION = YES;
				CLANG_WARN_OBJC_IMPLICIT_RETAIN_SELF = YES;
				CLANG_WARN_OBJC_LITERAL_CONVERSION = YES;
				CLANG_WARN_OBJC_ROOT_CLASS = YES_ERROR;
				CLANG_WARN_QUOTED_INCLUDE_IN_FRAMEWORK_HEADER = YES;
				CLANG_WARN_RANGE_LOOP_ANALYSIS = YES;
				CLANG_WARN_STRICT_PROTOTYPES = YES;
				CLANG_WARN_SUSPICIOUS_MOVE = YES;
				CLANG_WARN_UNGUARDED_AVAILABILITY = YES_AGGRESSIVE;
				CLANG_WARN_UNREACHABLE_CODE = YES;
				CLANG_WARN__DUPLICATE_METHOD_MATCH = YES;
				COPY_PHASE_STRIP = NO;
				DEBUG_INFORMATION_FORMAT = dwarf;
				ENABLE_STRICT_OBJC_MSGSEND = YES;
				ENABLE_TESTABILITY = YES;
				GCC_C_LANGUAGE_STANDARD = gnu11;
				GCC_DYNAMIC_NO_PIC = NO;
				GCC_NO_COMMON_BLOCKS = YES;
				GCC_OPTIMIZATION_LEVEL = 0;
				GCC_PREPROCESSOR_DEFINITIONS = (
					"DEBUG=1",
					"$(inherited)",
				);
				GCC_WARN_64_TO_32_BIT_CONVERSION = YES;
				GCC_WARN_ABOUT_RETURN_TYPE = YES_ERROR;
				GCC_WARN_UNDECLARED_SELECTOR = YES;
				GCC_WARN_UNINITIALIZED_AUTOS = YES_AGGRESSIVE;
				GCC_WARN_UNUSED_FUNCTION = YES;
				GCC_WARN_UNUSED_VARIABLE = YES;
				MACOSX_DEPLOYMENT_TARGET = 13.0;
				MTL_ENABLE_DEBUG_INFO = INCLUDE_SOURCE;
				MTL_FAST_MATH = YES;
				ONLY_ACTIVE_ARCH = YES;
				SDKROOT = macosx;
				SWIFT_ACTIVE_COMPILATION_CONDITIONS = DEBUG;
				SWIFT_OPTIMIZATION_LEVEL = "-Onone";
			};
			name = Debug;
		};
		3AABFFBD293809B3002C31B7 /* Release */ = {
			isa = XCBuildConfiguration;
			buildSettings = {
				ALWAYS_SEARCH_USER_PATHS = NO;
				CLANG_ANALYZER_NONNULL = YES;
				CLANG_ANALYZER_NUMBER_OBJECT_CONVERSION = YES_AGGRESSIVE;
				CLANG_CXX_LANGUAGE_STANDARD = "gnu++20";
				CLANG_ENABLE_MODULES = YES;
				CLANG_ENABLE_OBJC_ARC = YES;
				CLANG_ENABLE_OBJC_WEAK = YES;
				CLANG_WARN_BLOCK_CAPTURE_AUTORELEASING = YES;
				CLANG_WARN_BOOL_CONVERSION = YES;
				CLANG_WARN_COMMA = YES;
				CLANG_WARN_CONSTANT_CONVERSION = YES;
				CLANG_WARN_DEPRECATED_OBJC_IMPLEMENTATIONS = YES;
				CLANG_WARN_DIRECT_OBJC_ISA_USAGE = YES_ERROR;
				CLANG_WARN_DOCUMENTATION_COMMENTS = YES;
				CLANG_WARN_EMPTY_BODY = YES;
				CLANG_WARN_ENUM_CONVERSION = YES;
				CLANG_WARN_INFINITE_RECURSION = YES;
				CLANG_WARN_INT_CONVERSION = YES;
				CLANG_WARN_NON_LITERAL_NULL_CONVERSION = YES;
				CLANG_WARN_OBJC_IMPLICIT_RETAIN_SELF = YES;
				CLANG_WARN_OBJC_LITERAL_CONVERSION = YES;
				CLANG_WARN_OBJC_ROOT_CLASS = YES_ERROR;
				CLANG_WARN_QUOTED_INCLUDE_IN_FRAMEWORK_HEADER = YES;
				CLANG_WARN_RANGE_LOOP_ANALYSIS = YES;
				CLANG_WARN_STRICT_PROTOTYPES = YES;
				CLANG_WARN_SUSPICIOUS_MOVE = YES;
				CLANG_WARN_UNGUARDED_AVAILABILITY = YES_AGGRESSIVE;
				CLANG_WARN_UNREACHABLE_CODE = YES;
				CLANG_WARN__DUPLICATE_METHOD_MATCH = YES;
				COPY_PHASE_STRIP = NO;
				DEBUG_INFORMATION_FORMAT = "dwarf-with-dsym";
				ENABLE_NS_ASSERTIONS = NO;
				ENABLE_STRICT_OBJC_MSGSEND = YES;
				GCC_C_LANGUAGE_STANDARD = gnu11;
				GCC_NO_COMMON_BLOCKS = YES;
				GCC_WARN_64_TO_32_BIT_CONVERSION = YES;
				GCC_WARN_ABOUT_RETURN_TYPE = YES_ERROR;
				GCC_WARN_UNDECLARED_SELECTOR = YES;
				GCC_WARN_UNINITIALIZED_AUTOS = YES_AGGRESSIVE;
				GCC_WARN_UNUSED_FUNCTION = YES;
				GCC_WARN_UNUSED_VARIABLE = YES;
				MACOSX_DEPLOYMENT_TARGET = 13.0;
				MTL_ENABLE_DEBUG_INFO = NO;
				MTL_FAST_MATH = YES;
				SDKROOT = macosx;
				SWIFT_COMPILATION_MODE = wholemodule;
				SWIFT_OPTIMIZATION_LEVEL = "-O";
			};
			name = Release;
		};
		3AABFFBF293809B3002C31B7 /* Debug */ = {
			isa = XCBuildConfiguration;
			buildSettings = {
				CODE_SIGN_STYLE = Automatic;
				DEVELOPMENT_TEAM = 54Q57TQQA6;
				ENABLE_HARDENED_RUNTIME = YES;
				PRODUCT_NAME = "$(TARGET_NAME)";
				SWIFT_VERSION = 5.0;
			};
			name = Debug;
		};
		3AABFFC0293809B3002C31B7 /* Release */ = {
			isa = XCBuildConfiguration;
			buildSettings = {
				CODE_SIGN_STYLE = Automatic;
				DEVELOPMENT_TEAM = 54Q57TQQA6;
				ENABLE_HARDENED_RUNTIME = YES;
				PRODUCT_NAME = "$(TARGET_NAME)";
				SWIFT_VERSION = 5.0;
			};
			name = Release;
		};
/* End XCBuildConfiguration section */

/* Begin XCConfigurationList section */
		3AABFFB2293809B3002C31B7 /* Build configuration list for PBXProject "AdventOfCode" */ = {
			isa = XCConfigurationList;
			buildConfigurations = (
				3AABFFBC293809B3002C31B7 /* Debug */,
				3AABFFBD293809B3002C31B7 /* Release */,
			);
			defaultConfigurationIsVisible = 0;
			defaultConfigurationName = Release;
		};
		3AABFFBE293809B3002C31B7 /* Build configuration list for PBXNativeTarget "AdventOfCode" */ = {
			isa = XCConfigurationList;
			buildConfigurations = (
				3AABFFBF293809B3002C31B7 /* Debug */,
				3AABFFC0293809B3002C31B7 /* Release */,
			);
			defaultConfigurationIsVisible = 0;
			defaultConfigurationName = Release;
		};
/* End XCConfigurationList section */
	};
	rootObject = 3AABFFAF293809B3002C31B7 /* Project object */;
}
